// !$*UTF8*$!
{
	archiveVersion = 1;
	classes = {
	};
	objectVersion = 55;
	objects = {

/* Begin PBXBuildFile section */
		AD37BF942793EA1F000B5602 /* AppDelegate.swift in Sources */ = {isa = PBXBuildFile; fileRef = AD37BF932793EA1F000B5602 /* AppDelegate.swift */; };
		AD37BF962793EA1F000B5602 /* SceneDelegate.swift in Sources */ = {isa = PBXBuildFile; fileRef = AD37BF952793EA1F000B5602 /* SceneDelegate.swift */; };
		AD37BF982793EA1F000B5602 /* ViewController.swift in Sources */ = {isa = PBXBuildFile; fileRef = AD37BF972793EA1F000B5602 /* ViewController.swift */; };
		AD37BF9B2793EA1F000B5602 /* Main.storyboard in Resources */ = {isa = PBXBuildFile; fileRef = AD37BF992793EA1F000B5602 /* Main.storyboard */; };
		AD37BF9E2793EA1F000B5602 /* EasyHabits.xcdatamodeld in Sources */ = {isa = PBXBuildFile; fileRef = AD37BF9C2793EA1F000B5602 /* EasyHabits.xcdatamodeld */; };
		AD37BFA02793EA20000B5602 /* Assets.xcassets in Resources */ = {isa = PBXBuildFile; fileRef = AD37BF9F2793EA20000B5602 /* Assets.xcassets */; };
		AD37BFA32793EA20000B5602 /* LaunchScreen.storyboard in Resources */ = {isa = PBXBuildFile; fileRef = AD37BFA12793EA20000B5602 /* LaunchScreen.storyboard */; };
		AD37BFAD2793EDC8000B5602 /* HabitModel.swift in Sources */ = {isa = PBXBuildFile; fileRef = AD37BFAC2793EDC8000B5602 /* HabitModel.swift */; };
		AD677FDF2793F346003B97A0 /* HabitTableViewCell.swift in Sources */ = {isa = PBXBuildFile; fileRef = AD677FDD2793F346003B97A0 /* HabitTableViewCell.swift */; };
		AD677FE02793F346003B97A0 /* HabitTableViewCell.xib in Resources */ = {isa = PBXBuildFile; fileRef = AD677FDE2793F346003B97A0 /* HabitTableViewCell.xib */; };
/* End PBXBuildFile section */

/* Begin PBXFileReference section */
		AD37BF902793EA1F000B5602 /* EasyHabits.app */ = {isa = PBXFileReference; explicitFileType = wrapper.application; includeInIndex = 0; path = EasyHabits.app; sourceTree = BUILT_PRODUCTS_DIR; };
		AD37BF932793EA1F000B5602 /* AppDelegate.swift */ = {isa = PBXFileReference; lastKnownFileType = sourcecode.swift; path = AppDelegate.swift; sourceTree = "<group>"; };
		AD37BF952793EA1F000B5602 /* SceneDelegate.swift */ = {isa = PBXFileReference; lastKnownFileType = sourcecode.swift; path = SceneDelegate.swift; sourceTree = "<group>"; };
		AD37BF972793EA1F000B5602 /* ViewController.swift */ = {isa = PBXFileReference; lastKnownFileType = sourcecode.swift; path = ViewController.swift; sourceTree = "<group>"; };
		AD37BF9A2793EA1F000B5602 /* Base */ = {isa = PBXFileReference; lastKnownFileType = file.storyboard; name = Base; path = Base.lproj/Main.storyboard; sourceTree = "<group>"; };
		AD37BF9D2793EA1F000B5602 /* EasyHabits.xcdatamodel */ = {isa = PBXFileReference; lastKnownFileType = wrapper.xcdatamodel; path = EasyHabits.xcdatamodel; sourceTree = "<group>"; };
		AD37BF9F2793EA20000B5602 /* Assets.xcassets */ = {isa = PBXFileReference; lastKnownFileType = folder.assetcatalog; path = Assets.xcassets; sourceTree = "<group>"; };
		AD37BFA22793EA20000B5602 /* Base */ = {isa = PBXFileReference; lastKnownFileType = file.storyboard; name = Base; path = Base.lproj/LaunchScreen.storyboard; sourceTree = "<group>"; };
		AD37BFA42793EA20000B5602 /* Info.plist */ = {isa = PBXFileReference; lastKnownFileType = text.plist.xml; path = Info.plist; sourceTree = "<group>"; };
		AD37BFAC2793EDC8000B5602 /* HabitModel.swift */ = {isa = PBXFileReference; lastKnownFileType = sourcecode.swift; path = HabitModel.swift; sourceTree = "<group>"; };
		AD677FDD2793F346003B97A0 /* HabitTableViewCell.swift */ = {isa = PBXFileReference; lastKnownFileType = sourcecode.swift; path = HabitTableViewCell.swift; sourceTree = "<group>"; };
		AD677FDE2793F346003B97A0 /* HabitTableViewCell.xib */ = {isa = PBXFileReference; lastKnownFileType = file.xib; path = HabitTableViewCell.xib; sourceTree = "<group>"; };
/* End PBXFileReference section */

/* Begin PBXFrameworksBuildPhase section */
		AD37BF8D2793EA1F000B5602 /* Frameworks */ = {
			isa = PBXFrameworksBuildPhase;
			buildActionMask = 2147483647;
			files = (
			);
			runOnlyForDeploymentPostprocessing = 0;
		};
/* End PBXFrameworksBuildPhase section */

/* Begin PBXGroup section */
		AD37BF872793EA1F000B5602 = {
			isa = PBXGroup;
			children = (
				AD37BF922793EA1F000B5602 /* EasyHabits */,
				AD37BF912793EA1F000B5602 /* Products */,
			);
			sourceTree = "<group>";
		};
		AD37BF912793EA1F000B5602 /* Products */ = {
			isa = PBXGroup;
			children = (
				AD37BF902793EA1F000B5602 /* EasyHabits.app */,
			);
			name = Products;
			sourceTree = "<group>";
		};
		AD37BF922793EA1F000B5602 /* EasyHabits */ = {
			isa = PBXGroup;
			children = (
				AD37BF932793EA1F000B5602 /* AppDelegate.swift */,
				AD37BF952793EA1F000B5602 /* SceneDelegate.swift */,
				AD37BFAE2793EDCC000B5602 /* Model */,
				AD37BFAB2793EA7F000B5602 /* Controller */,
				AD37BFAA2793EA71000B5602 /* Storyboard */,
				AD37BF9F2793EA20000B5602 /* Assets.xcassets */,
				AD37BFA12793EA20000B5602 /* LaunchScreen.storyboard */,
				AD37BFA42793EA20000B5602 /* Info.plist */,
				AD37BF9C2793EA1F000B5602 /* EasyHabits.xcdatamodeld */,
			);
			path = EasyHabits;
			sourceTree = "<group>";
		};
		AD37BFAA2793EA71000B5602 /* Storyboard */ = {
			isa = PBXGroup;
			children = (
				AD37BF992793EA1F000B5602 /* Main.storyboard */,
				AD677FDE2793F346003B97A0 /* HabitTableViewCell.xib */,
			);
			path = Storyboard;
			sourceTree = "<group>";
		};
		AD37BFAB2793EA7F000B5602 /* Controller */ = {
			isa = PBXGroup;
			children = (
				AD37BF972793EA1F000B5602 /* ViewController.swift */,
				AD677FDD2793F346003B97A0 /* HabitTableViewCell.swift */,
			);
			path = Controller;
			sourceTree = "<group>";
		};
		AD37BFAE2793EDCC000B5602 /* Model */ = {
			isa = PBXGroup;
			children = (
				AD37BFAC2793EDC8000B5602 /* HabitModel.swift */,
			);
			path = Model;
			sourceTree = "<group>";
		};
/* End PBXGroup section */

/* Begin PBXNativeTarget section */
		AD37BF8F2793EA1F000B5602 /* EasyHabits */ = {
			isa = PBXNativeTarget;
			buildConfigurationList = AD37BFA72793EA20000B5602 /* Build configuration list for PBXNativeTarget "EasyHabits" */;
			buildPhases = (
				AD37BF8C2793EA1F000B5602 /* Sources */,
				AD37BF8D2793EA1F000B5602 /* Frameworks */,
				AD37BF8E2793EA1F000B5602 /* Resources */,
			);
			buildRules = (
			);
			dependencies = (
			);
			name = EasyHabits;
			productName = EasyHabits;
			productReference = AD37BF902793EA1F000B5602 /* EasyHabits.app */;
			productType = "com.apple.product-type.application";
		};
/* End PBXNativeTarget section */

/* Begin PBXProject section */
		AD37BF882793EA1F000B5602 /* Project object */ = {
			isa = PBXProject;
			attributes = {
				BuildIndependentTargetsInParallel = 1;
				LastSwiftUpdateCheck = 1320;
				LastUpgradeCheck = 1320;
				TargetAttributes = {
					AD37BF8F2793EA1F000B5602 = {
						CreatedOnToolsVersion = 13.2.1;
					};
				};
			};
			buildConfigurationList = AD37BF8B2793EA1F000B5602 /* Build configuration list for PBXProject "EasyHabits" */;
			compatibilityVersion = "Xcode 13.0";
			developmentRegion = en;
			hasScannedForEncodings = 0;
			knownRegions = (
				en,
				Base,
			);
			mainGroup = AD37BF872793EA1F000B5602;
			productRefGroup = AD37BF912793EA1F000B5602 /* Products */;
			projectDirPath = "";
			projectRoot = "";
			targets = (
				AD37BF8F2793EA1F000B5602 /* EasyHabits */,
			);
		};
/* End PBXProject section */

/* Begin PBXResourcesBuildPhase section */
		AD37BF8E2793EA1F000B5602 /* Resources */ = {
			isa = PBXResourcesBuildPhase;
			buildActionMask = 2147483647;
			files = (
				AD37BFA32793EA20000B5602 /* LaunchScreen.storyboard in Resources */,
				AD37BFA02793EA20000B5602 /* Assets.xcassets in Resources */,
				AD677FE02793F346003B97A0 /* HabitTableViewCell.xib in Resources */,
				AD37BF9B2793EA1F000B5602 /* Main.storyboard in Resources */,
			);
			runOnlyForDeploymentPostprocessing = 0;
		};
/* End PBXResourcesBuildPhase section */

/* Begin PBXSourcesBuildPhase section */
		AD37BF8C2793EA1F000B5602 /* Sources */ = {
			isa = PBXSourcesBuildPhase;
			buildActionMask = 2147483647;
			files = (
				AD37BFAD2793EDC8000B5602 /* HabitModel.swift in Sources */,
				AD37BF9E2793EA1F000B5602 /* EasyHabits.xcdatamodeld in Sources */,
				AD37BF982793EA1F000B5602 /* ViewController.swift in Sources */,
				AD37BF942793EA1F000B5602 /* AppDelegate.swift in Sources */,
				AD677FDF2793F346003B97A0 /* HabitTableViewCell.swift in Sources */,
				AD37BF962793EA1F000B5602 /* SceneDelegate.swift in Sources */,
			);
			runOnlyForDeploymentPostprocessing = 0;
		};
/* End PBXSourcesBuildPhase section */

/* Begin PBXVariantGroup section */
		AD37BF992793EA1F000B5602 /* Main.storyboard */ = {
			isa = PBXVariantGroup;
			children = (
				AD37BF9A2793EA1F000B5602 /* Base */,
			);
			name = Main.storyboard;
			sourceTree = "<group>";
		};
		AD37BFA12793EA20000B5602 /* LaunchScreen.storyboard */ = {
			isa = PBXVariantGroup;
			children = (
				AD37BFA22793EA20000B5602 /* Base */,
			);
			name = LaunchScreen.storyboard;
			sourceTree = "<group>";
		};
/* End PBXVariantGroup section */

/* Begin XCBuildConfiguration section */
		AD37BFA52793EA20000B5602 /* Debug */ = {
			isa = XCBuildConfiguration;
			buildSettings = {
				ALWAYS_SEARCH_USER_PATHS = NO;
				CLANG_ANALYZER_NONNULL = YES;
				CLANG_ANALYZER_NUMBER_OBJECT_CONVERSION = YES_AGGRESSIVE;
				CLANG_CXX_LANGUAGE_STANDARD = "gnu++17";
				CLANG_CXX_LIBRARY = "libc++";
				CLANG_ENABLE_MODULES = YES;
				CLANG_ENABLE_OBJC_ARC = YES;
				CLANG_ENABLE_OBJC_WEAK = YES;
				CLANG_WARN_BLOCK_CAPTURE_AUTORELEASING = YES;
				CLANG_WARN_BOOL_CONVERSION = YES;
				CLANG_WARN_COMMA = YES;
				CLANG_WARN_CONSTANT_CONVERSION = YES;
				CLANG_WARN_DEPRECATED_OBJC_IMPLEMENTATIONS = YES;
				CLANG_WARN_DIRECT_OBJC_ISA_USAGE = YES_ERROR;
				CLANG_WARN_DOCUMENTATION_COMMENTS = YES;
				CLANG_WARN_EMPTY_BODY = YES;
				CLANG_WARN_ENUM_CONVERSION = YES;
				CLANG_WARN_INFINITE_RECURSION = YES;
				CLANG_WARN_INT_CONVERSION = YES;
				CLANG_WARN_NON_LITERAL_NULL_CONVERSION = YES;
				CLANG_WARN_OBJC_IMPLICIT_RETAIN_SELF = YES;
				CLANG_WARN_OBJC_LITERAL_CONVERSION = YES;
				CLANG_WARN_OBJC_ROOT_CLASS = YES_ERROR;
				CLANG_WARN_QUOTED_INCLUDE_IN_FRAMEWORK_HEADER = YES;
				CLANG_WARN_RANGE_LOOP_ANALYSIS = YES;
				CLANG_WARN_STRICT_PROTOTYPES = YES;
				CLANG_WARN_SUSPICIOUS_MOVE = YES;
				CLANG_WARN_UNGUARDED_AVAILABILITY = YES_AGGRESSIVE;
				CLANG_WARN_UNREACHABLE_CODE = YES;
				CLANG_WARN__DUPLICATE_METHOD_MATCH = YES;
				COPY_PHASE_STRIP = NO;
				DEBUG_INFORMATION_FORMAT = dwarf;
				ENABLE_STRICT_OBJC_MSGSEND = YES;
				ENABLE_TESTABILITY = YES;
				GCC_C_LANGUAGE_STANDARD = gnu11;
				GCC_DYNAMIC_NO_PIC = NO;
				GCC_NO_COMMON_BLOCKS = YES;
				GCC_OPTIMIZATION_LEVEL = 0;
				GCC_PREPROCESSOR_DEFINITIONS = (
					"DEBUG=1",
					"$(inherited)",
				);
				GCC_WARN_64_TO_32_BIT_CONVERSION = YES;
				GCC_WARN_ABOUT_RETURN_TYPE = YES_ERROR;
				GCC_WARN_UNDECLARED_SELECTOR = YES;
				GCC_WARN_UNINITIALIZED_AUTOS = YES_AGGRESSIVE;
				GCC_WARN_UNUSED_FUNCTION = YES;
				GCC_WARN_UNUSED_VARIABLE = YES;
				IPHONEOS_DEPLOYMENT_TARGET = 15.2;
				MTL_ENABLE_DEBUG_INFO = INCLUDE_SOURCE;
				MTL_FAST_MATH = YES;
				ONLY_ACTIVE_ARCH = YES;
				SDKROOT = iphoneos;
				SWIFT_ACTIVE_COMPILATION_CONDITIONS = DEBUG;
				SWIFT_OPTIMIZATION_LEVEL = "-Onone";
			};
			name = Debug;
		};
		AD37BFA62793EA20000B5602 /* Release */ = {
			isa = XCBuildConfiguration;
			buildSettings = {
				ALWAYS_SEARCH_USER_PATHS = NO;
				CLANG_ANALYZER_NONNULL = YES;
				CLANG_ANALYZER_NUMBER_OBJECT_CONVERSION = YES_AGGRESSIVE;
				CLANG_CXX_LANGUAGE_STANDARD = "gnu++17";
				CLANG_CXX_LIBRARY = "libc++";
				CLANG_ENABLE_MODULES = YES;
				CLANG_ENABLE_OBJC_ARC = YES;
				CLANG_ENABLE_OBJC_WEAK = YES;
				CLANG_WARN_BLOCK_CAPTURE_AUTORELEASING = YES;
				CLANG_WARN_BOOL_CONVERSION = YES;
				CLANG_WARN_COMMA = YES;
				CLANG_WARN_CONSTANT_CONVERSION = YES;
				CLANG_WARN_DEPRECATED_OBJC_IMPLEMENTATIONS = YES;
				CLANG_WARN_DIRECT_OBJC_ISA_USAGE = YES_ERROR;
				CLANG_WARN_DOCUMENTATION_COMMENTS = YES;
				CLANG_WARN_EMPTY_BODY = YES;
				CLANG_WARN_ENUM_CONVERSION = YES;
				CLANG_WARN_INFINITE_RECURSION = YES;
				CLANG_WARN_INT_CONVERSION = YES;
				CLANG_WARN_NON_LITERAL_NULL_CONVERSION = YES;
				CLANG_WARN_OBJC_IMPLICIT_RETAIN_SELF = YES;
				CLANG_WARN_OBJC_LITERAL_CONVERSION = YES;
				CLANG_WARN_OBJC_ROOT_CLASS = YES_ERROR;
				CLANG_WARN_QUOTED_INCLUDE_IN_FRAMEWORK_HEADER = YES;
				CLANG_WARN_RANGE_LOOP_ANALYSIS = YES;
				CLANG_WARN_STRICT_PROTOTYPES = YES;
				CLANG_WARN_SUSPICIOUS_MOVE = YES;
				CLANG_WARN_UNGUARDED_AVAILABILITY = YES_AGGRESSIVE;
				CLANG_WARN_UNREACHABLE_CODE = YES;
				CLANG_WARN__DUPLICATE_METHOD_MATCH = YES;
				COPY_PHASE_STRIP = NO;
				DEBUG_INFORMATION_FORMAT = "dwarf-with-dsym";
				ENABLE_NS_ASSERTIONS = NO;
				ENABLE_STRICT_OBJC_MSGSEND = YES;
				GCC_C_LANGUAGE_STANDARD = gnu11;
				GCC_NO_COMMON_BLOCKS = YES;
				GCC_WARN_64_TO_32_BIT_CONVERSION = YES;
				GCC_WARN_ABOUT_RETURN_TYPE = YES_ERROR;
				GCC_WARN_UNDECLARED_SELECTOR = YES;
				GCC_WARN_UNINITIALIZED_AUTOS = YES_AGGRESSIVE;
				GCC_WARN_UNUSED_FUNCTION = YES;
				GCC_WARN_UNUSED_VARIABLE = YES;
				IPHONEOS_DEPLOYMENT_TARGET = 15.2;
				MTL_ENABLE_DEBUG_INFO = NO;
				MTL_FAST_MATH = YES;
				SDKROOT = iphoneos;
				SWIFT_COMPILATION_MODE = wholemodule;
				SWIFT_OPTIMIZATION_LEVEL = "-O";
				VALIDATE_PRODUCT = YES;
			};
			name = Release;
		};
		AD37BFA82793EA20000B5602 /* Debug */ = {
			isa = XCBuildConfiguration;
			buildSettings = {
				ASSETCATALOG_COMPILER_APPICON_NAME = AppIcon;
				ASSETCATALOG_COMPILER_GLOBAL_ACCENT_COLOR_NAME = AccentColor;
				CODE_SIGN_STYLE = Automatic;
				CURRENT_PROJECT_VERSION = 1;
				DEVELOPMENT_TEAM = MX956RXSX2;
				GENERATE_INFOPLIST_FILE = YES;
				INFOPLIST_FILE = EasyHabits/Info.plist;
				INFOPLIST_KEY_UIApplicationSupportsIndirectInputEvents = YES;
				INFOPLIST_KEY_UILaunchStoryboardName = LaunchScreen;
				INFOPLIST_KEY_UIMainStoryboardFile = Main;
				INFOPLIST_KEY_UISupportedInterfaceOrientations_iPad = "UIInterfaceOrientationPortrait UIInterfaceOrientationPortraitUpsideDown UIInterfaceOrientationLandscapeLeft UIInterfaceOrientationLandscapeRight";
				INFOPLIST_KEY_UISupportedInterfaceOrientations_iPhone = "UIInterfaceOrientationPortrait UIInterfaceOrientationLandscapeLeft UIInterfaceOrientationLandscapeRight";
				LD_RUNPATH_SEARCH_PATHS = (
					"$(inherited)",
					"@executable_path/Frameworks",
				);
				MARKETING_VERSION = 1.0;
				PRODUCT_BUNDLE_IDENTIFIER = dwitama.alfred.EasyHabits;
				PRODUCT_NAME = "$(TARGET_NAME)";
				SWIFT_EMIT_LOC_STRINGS = YES;
				SWIFT_VERSION = 5.0;
				TARGETED_DEVICE_FAMILY = "1,2";
			};
			name = Debug;
		};
		AD37BFA92793EA20000B5602 /* Release */ = {
			isa = XCBuildConfiguration;
			buildSettings = {
				ASSETCATALOG_COMPILER_APPICON_NAME = AppIcon;
				ASSETCATALOG_COMPILER_GLOBAL_ACCENT_COLOR_NAME = AccentColor;
				CODE_SIGN_STYLE = Automatic;
				CURRENT_PROJECT_VERSION = 1;
				DEVELOPMENT_TEAM = MX956RXSX2;
				GENERATE_INFOPLIST_FILE = YES;
				INFOPLIST_FILE = EasyHabits/Info.plist;
				INFOPLIST_KEY_UIApplicationSupportsIndirectInputEvents = YES;
				INFOPLIST_KEY_UILaunchStoryboardName = LaunchScreen;
				INFOPLIST_KEY_UIMainStoryboardFile = Main;
				INFOPLIST_KEY_UISupportedInterfaceOrientations_iPad = "UIInterfaceOrientationPortrait UIInterfaceOrientationPortraitUpsideDown UIInterfaceOrientationLandscapeLeft UIInterfaceOrientationLandscapeRight";
				INFOPLIST_KEY_UISupportedInterfaceOrientations_iPhone = "UIInterfaceOrientationPortrait UIInterfaceOrientationLandscapeLeft UIInterfaceOrientationLandscapeRight";
				LD_RUNPATH_SEARCH_PATHS = (
					"$(inherited)",
					"@executable_path/Frameworks",
				);
				MARKETING_VERSION = 1.0;
				PRODUCT_BUNDLE_IDENTIFIER = dwitama.alfred.EasyHabits;
				PRODUCT_NAME = "$(TARGET_NAME)";
				SWIFT_EMIT_LOC_STRINGS = YES;
				SWIFT_VERSION = 5.0;
				TARGETED_DEVICE_FAMILY = "1,2";
			};
			name = Release;
		};
/* End XCBuildConfiguration section */

/* Begin XCConfigurationList section */
		AD37BF8B2793EA1F000B5602 /* Build configuration list for PBXProject "EasyHabits" */ = {
			isa = XCConfigurationList;
			buildConfigurations = (
				AD37BFA52793EA20000B5602 /* Debug */,
				AD37BFA62793EA20000B5602 /* Release */,
			);
			defaultConfigurationIsVisible = 0;
			defaultConfigurationName = Release;
		};
		AD37BFA72793EA20000B5602 /* Build configuration list for PBXNativeTarget "EasyHabits" */ = {
			isa = XCConfigurationList;
			buildConfigurations = (
				AD37BFA82793EA20000B5602 /* Debug */,
				AD37BFA92793EA20000B5602 /* Release */,
			);
			defaultConfigurationIsVisible = 0;
			defaultConfigurationName = Release;
		};
/* End XCConfigurationList section */

/* Begin XCVersionGroup section */
		AD37BF9C2793EA1F000B5602 /* EasyHabits.xcdatamodeld */ = {
			isa = XCVersionGroup;
			children = (
				AD37BF9D2793EA1F000B5602 /* EasyHabits.xcdatamodel */,
			);
			currentVersion = AD37BF9D2793EA1F000B5602 /* EasyHabits.xcdatamodel */;
			path = EasyHabits.xcdatamodeld;
			sourceTree = "<group>";
			versionGroupType = wrapper.xcdatamodel;
		};
/* End XCVersionGroup section */
	};
	rootObject = AD37BF882793EA1F000B5602 /* Project object */;
}
